
Microsoft Visual Studio Solution File, Format Version 12.00
# Visual Studio Version 17
VisualStudioVersion = 17.4.33213.308
MinimumVisualStudioVersion = 10.0.40219.1
Project("{8BC9CEB8-8B4A-11D0-8D11-00A0C91BC942}") = "graph4neorientsvaz", "graph4neorientsvaz\graph4neorientsvaz.vcxproj", "{75789429-F379-46E3-874A-3CE75B15E522}"
EndProject
Global
	GlobalSection(SolutionConfigurationPlatforms) = preSolution
		Debug|x64 = Debug|x64
		Debug|x86 = Debug|x86
		Release|x64 = Release|x64
		Release|x86 = Release|x86
	EndGlobalSection
	GlobalSection(ProjectConfigurationPlatforms) = postSolution
		{75789429-F379-46E3-874A-3CE75B15E522}.Debug|x64.ActiveCfg = Debug|x64
		{75789429-F379-46E3-874A-3CE75B15E522}.Debug|x64.Build.0 = Debug|x64
		{75789429-F379-46E3-874A-3CE75B15E522}.Debug|x86.ActiveCfg = Debug|Win32
		{75789429-F379-46E3-874A-3CE75B15E522}.Debug|x86.Build.0 = Debug|Win32
		{75789429-F379-46E3-874A-3CE75B15E522}.Release|x64.ActiveCfg = Release|x64
		{75789429-F379-46E3-874A-3CE75B15E522}.Release|x64.Build.0 = Release|x64
		{75789429-F379-46E3-874A-3CE75B15E522}.Release|x86.ActiveCfg = Release|Win32
		{75789429-F379-46E3-874A-3CE75B15E522}.Release|x86.Build.0 = Release|Win32
	EndGlobalSection
	GlobalSection(SolutionProperties) = preSolution
		HideSolutionNode = FALSE
	EndGlobalSection
	GlobalSection(ExtensibilityGlobals) = postSolution
		SolutionGuid = {9563072F-DADA-4248-BAD5-20E079075D7B}
	EndGlobalSection
EndGlobal
