
Microsoft Visual Studio Solution File, Format Version 12.00
# Visual Studio Version 17
VisualStudioVersion = 17.4.33213.308
MinimumVisualStudioVersion = 10.0.40219.1
Project("{8BC9CEB8-8B4A-11D0-8D11-00A0C91BC942}") = "Task2", "Task2\Task2.vcxproj", "{DC50F256-8C22-477D-A71E-0C57CC4461E2}"
EndProject
Global
	GlobalSection(SolutionConfigurationPlatforms) = preSolution
		Debug|x64 = Debug|x64
		Debug|x86 = Debug|x86
		Release|x64 = Release|x64
		Release|x86 = Release|x86
	EndGlobalSection
	GlobalSection(ProjectConfigurationPlatforms) = postSolution
		{DC50F256-8C22-477D-A71E-0C57CC4461E2}.Debug|x64.ActiveCfg = Debug|x64
		{DC50F256-8C22-477D-A71E-0C57CC4461E2}.Debug|x64.Build.0 = Debug|x64
		{DC50F256-8C22-477D-A71E-0C57CC4461E2}.Debug|x86.ActiveCfg = Debug|Win32
		{DC50F256-8C22-477D-A71E-0C57CC4461E2}.Debug|x86.Build.0 = Debug|Win32
		{DC50F256-8C22-477D-A71E-0C57CC4461E2}.Release|x64.ActiveCfg = Release|x64
		{DC50F256-8C22-477D-A71E-0C57CC4461E2}.Release|x64.Build.0 = Release|x64
		{DC50F256-8C22-477D-A71E-0C57CC4461E2}.Release|x86.ActiveCfg = Release|Win32
		{DC50F256-8C22-477D-A71E-0C57CC4461E2}.Release|x86.Build.0 = Release|Win32
	EndGlobalSection
	GlobalSection(SolutionProperties) = preSolution
		HideSolutionNode = FALSE
	EndGlobalSection
	GlobalSection(ExtensibilityGlobals) = postSolution
		SolutionGuid = {C05E9CF6-7DF5-4AA7-BE25-1F373CEA75BA}
	EndGlobalSection
EndGlobal
