
Microsoft Visual Studio Solution File, Format Version 12.00
# Visual Studio Version 17
VisualStudioVersion = 17.4.33213.308
MinimumVisualStudioVersion = 10.0.40219.1
Project("{8BC9CEB8-8B4A-11D0-8D11-00A0C91BC942}") = "bit", "bit\bit.vcxproj", "{0673E5FE-537A-4EE3-9885-04FE893AA480}"
EndProject
Global
	GlobalSection(SolutionConfigurationPlatforms) = preSolution
		Debug|x64 = Debug|x64
		Debug|x86 = Debug|x86
		Release|x64 = Release|x64
		Release|x86 = Release|x86
	EndGlobalSection
	GlobalSection(ProjectConfigurationPlatforms) = postSolution
		{0673E5FE-537A-4EE3-9885-04FE893AA480}.Debug|x64.ActiveCfg = Debug|x64
		{0673E5FE-537A-4EE3-9885-04FE893AA480}.Debug|x64.Build.0 = Debug|x64
		{0673E5FE-537A-4EE3-9885-04FE893AA480}.Debug|x86.ActiveCfg = Debug|Win32
		{0673E5FE-537A-4EE3-9885-04FE893AA480}.Debug|x86.Build.0 = Debug|Win32
		{0673E5FE-537A-4EE3-9885-04FE893AA480}.Release|x64.ActiveCfg = Release|x64
		{0673E5FE-537A-4EE3-9885-04FE893AA480}.Release|x64.Build.0 = Release|x64
		{0673E5FE-537A-4EE3-9885-04FE893AA480}.Release|x86.ActiveCfg = Release|Win32
		{0673E5FE-537A-4EE3-9885-04FE893AA480}.Release|x86.Build.0 = Release|Win32
	EndGlobalSection
	GlobalSection(SolutionProperties) = preSolution
		HideSolutionNode = FALSE
	EndGlobalSection
	GlobalSection(ExtensibilityGlobals) = postSolution
		SolutionGuid = {1B352E31-04BE-4871-91B9-2616C1F24570}
	EndGlobalSection
EndGlobal
