
Microsoft Visual Studio Solution File, Format Version 12.00
# Visual Studio Version 17
VisualStudioVersion = 17.4.33213.308
MinimumVisualStudioVersion = 10.0.40219.1
Project("{8BC9CEB8-8B4A-11D0-8D11-00A0C91BC942}") = "Matrix_Nikitenko_211", "Matrix_Nikitenko_211\Matrix_Nikitenko_211.vcxproj", "{57791F36-AE85-4588-992E-B8850289C32C}"
EndProject
Global
	GlobalSection(SolutionConfigurationPlatforms) = preSolution
		Debug|x64 = Debug|x64
		Debug|x86 = Debug|x86
		Release|x64 = Release|x64
		Release|x86 = Release|x86
	EndGlobalSection
	GlobalSection(ProjectConfigurationPlatforms) = postSolution
		{57791F36-AE85-4588-992E-B8850289C32C}.Debug|x64.ActiveCfg = Debug|x64
		{57791F36-AE85-4588-992E-B8850289C32C}.Debug|x64.Build.0 = Debug|x64
		{57791F36-AE85-4588-992E-B8850289C32C}.Debug|x86.ActiveCfg = Debug|Win32
		{57791F36-AE85-4588-992E-B8850289C32C}.Debug|x86.Build.0 = Debug|Win32
		{57791F36-AE85-4588-992E-B8850289C32C}.Release|x64.ActiveCfg = Release|x64
		{57791F36-AE85-4588-992E-B8850289C32C}.Release|x64.Build.0 = Release|x64
		{57791F36-AE85-4588-992E-B8850289C32C}.Release|x86.ActiveCfg = Release|Win32
		{57791F36-AE85-4588-992E-B8850289C32C}.Release|x86.Build.0 = Release|Win32
	EndGlobalSection
	GlobalSection(SolutionProperties) = preSolution
		HideSolutionNode = FALSE
	EndGlobalSection
	GlobalSection(ExtensibilityGlobals) = postSolution
		SolutionGuid = {DC581239-4CE4-48B9-A4CA-32AAD15761EA}
	EndGlobalSection
EndGlobal
