
Microsoft Visual Studio Solution File, Format Version 12.00
# Visual Studio Version 17
VisualStudioVersion = 17.4.33213.308
MinimumVisualStudioVersion = 10.0.40219.1
Project("{FAE04EC0-301F-11D3-BF4B-00C04F79EFBC}") = "4_6var_Nikitenko_211", "4_6var_Nikitenko_211\4_6var_Nikitenko_211.csproj", "{FA3EE3A0-6B50-4E42-96E3-ED759A60D6D1}"
EndProject
Global
	GlobalSection(SolutionConfigurationPlatforms) = preSolution
		Debug|Any CPU = Debug|Any CPU
		Release|Any CPU = Release|Any CPU
	EndGlobalSection
	GlobalSection(ProjectConfigurationPlatforms) = postSolution
		{FA3EE3A0-6B50-4E42-96E3-ED759A60D6D1}.Debug|Any CPU.ActiveCfg = Debug|Any CPU
		{FA3EE3A0-6B50-4E42-96E3-ED759A60D6D1}.Debug|Any CPU.Build.0 = Debug|Any CPU
		{FA3EE3A0-6B50-4E42-96E3-ED759A60D6D1}.Release|Any CPU.ActiveCfg = Release|Any CPU
		{FA3EE3A0-6B50-4E42-96E3-ED759A60D6D1}.Release|Any CPU.Build.0 = Release|Any CPU
	EndGlobalSection
	GlobalSection(SolutionProperties) = preSolution
		HideSolutionNode = FALSE
	EndGlobalSection
	GlobalSection(ExtensibilityGlobals) = postSolution
		SolutionGuid = {94EB21B1-2659-4148-A8FA-64E1CA086CDE}
	EndGlobalSection
EndGlobal
