
Microsoft Visual Studio Solution File, Format Version 12.00
# Visual Studio Version 17
VisualStudioVersion = 17.4.33213.308
MinimumVisualStudioVersion = 10.0.40219.1
Project("{8BC9CEB8-8B4A-11D0-8D11-00A0C91BC942}") = "tree1x", "tree1x\tree1x.vcxproj", "{D70F7D5A-75DF-427E-992C-B0DA03635BD0}"
EndProject
Global
	GlobalSection(SolutionConfigurationPlatforms) = preSolution
		Debug|x64 = Debug|x64
		Debug|x86 = Debug|x86
		Release|x64 = Release|x64
		Release|x86 = Release|x86
	EndGlobalSection
	GlobalSection(ProjectConfigurationPlatforms) = postSolution
		{D70F7D5A-75DF-427E-992C-B0DA03635BD0}.Debug|x64.ActiveCfg = Debug|x64
		{D70F7D5A-75DF-427E-992C-B0DA03635BD0}.Debug|x64.Build.0 = Debug|x64
		{D70F7D5A-75DF-427E-992C-B0DA03635BD0}.Debug|x86.ActiveCfg = Debug|Win32
		{D70F7D5A-75DF-427E-992C-B0DA03635BD0}.Debug|x86.Build.0 = Debug|Win32
		{D70F7D5A-75DF-427E-992C-B0DA03635BD0}.Release|x64.ActiveCfg = Release|x64
		{D70F7D5A-75DF-427E-992C-B0DA03635BD0}.Release|x64.Build.0 = Release|x64
		{D70F7D5A-75DF-427E-992C-B0DA03635BD0}.Release|x86.ActiveCfg = Release|Win32
		{D70F7D5A-75DF-427E-992C-B0DA03635BD0}.Release|x86.Build.0 = Release|Win32
	EndGlobalSection
	GlobalSection(SolutionProperties) = preSolution
		HideSolutionNode = FALSE
	EndGlobalSection
	GlobalSection(ExtensibilityGlobals) = postSolution
		SolutionGuid = {B8CD8482-6057-4439-9476-B03D061EBB68}
	EndGlobalSection
EndGlobal
