
Microsoft Visual Studio Solution File, Format Version 12.00
# Visual Studio Version 17
VisualStudioVersion = 17.4.33213.308
MinimumVisualStudioVersion = 10.0.40219.1
Project("{FAE04EC0-301F-11D3-BF4B-00C04F79EFBC}") = "4(4zadanie)_Nikitenko_211", "4(4zadanie)_Nikitenko_211\4(4zadanie)_Nikitenko_211.csproj", "{7B1A7E30-13BB-4270-BB27-0377A184B0AB}"
EndProject
Global
	GlobalSection(SolutionConfigurationPlatforms) = preSolution
		Debug|Any CPU = Debug|Any CPU
		Release|Any CPU = Release|Any CPU
	EndGlobalSection
	GlobalSection(ProjectConfigurationPlatforms) = postSolution
		{7B1A7E30-13BB-4270-BB27-0377A184B0AB}.Debug|Any CPU.ActiveCfg = Debug|Any CPU
		{7B1A7E30-13BB-4270-BB27-0377A184B0AB}.Debug|Any CPU.Build.0 = Debug|Any CPU
		{7B1A7E30-13BB-4270-BB27-0377A184B0AB}.Release|Any CPU.ActiveCfg = Release|Any CPU
		{7B1A7E30-13BB-4270-BB27-0377A184B0AB}.Release|Any CPU.Build.0 = Release|Any CPU
	EndGlobalSection
	GlobalSection(SolutionProperties) = preSolution
		HideSolutionNode = FALSE
	EndGlobalSection
	GlobalSection(ExtensibilityGlobals) = postSolution
		SolutionGuid = {F5C429D1-84A8-425A-BB67-643E50BE3673}
	EndGlobalSection
EndGlobal
